
Microsoft Visual Studio Solution File, Format Version 12.00
# Visual Studio Version 16
VisualStudioVersion = 16.0.29215.179
MinimumVisualStudioVersion = 10.0.40219.1
Project("{FAE04EC0-301F-11D3-BF4B-00C04F79EFBC}") = "BookServiceMySql", "BookServiceMySql\BookServiceMySql.csproj", "{AD893936-62CF-49F9-AA4D-DA664A3A5CB6}"
EndProject
Global
	GlobalSection(SolutionConfigurationPlatforms) = preSolution
		Debug|Any CPU = Debug|Any CPU
		Release|Any CPU = Release|Any CPU
	EndGlobalSection
	GlobalSection(ProjectConfigurationPlatforms) = postSolution
		{AD893936-62CF-49F9-AA4D-DA664A3A5CB6}.Debug|Any CPU.ActiveCfg = Debug|Any CPU
		{AD893936-62CF-49F9-AA4D-DA664A3A5CB6}.Debug|Any CPU.Build.0 = Debug|Any CPU
		{AD893936-62CF-49F9-AA4D-DA664A3A5CB6}.Release|Any CPU.ActiveCfg = Release|Any CPU
		{AD893936-62CF-49F9-AA4D-DA664A3A5CB6}.Release|Any CPU.Build.0 = Release|Any CPU
	EndGlobalSection
	GlobalSection(SolutionProperties) = preSolution
		HideSolutionNode = FALSE
	EndGlobalSection
	GlobalSection(ExtensibilityGlobals) = postSolution
		SolutionGuid = {29398F2D-18E8-4BA5-AEDD-C23D5CCB9A88}
	EndGlobalSection
EndGlobal
